// !$*UTF8*$!
{
	archiveVersion = 1;
	classes = {
	};
	objectVersion = 46;
	objects = {

/* Begin PBXBuildFile section */
		299228AA1D2F865200CDA169 /* AppDelegate.swift in Sources */ = {isa = PBXBuildFile; fileRef = 299228A91D2F865200CDA169 /* AppDelegate.swift */; };
		299228AC1D2F865200CDA169 /* ViewController.swift in Sources */ = {isa = PBXBuildFile; fileRef = 299228AB1D2F865200CDA169 /* ViewController.swift */; };
		299228AF1D2F865200CDA169 /* Main.storyboard in Resources */ = {isa = PBXBuildFile; fileRef = 299228AD1D2F865200CDA169 /* Main.storyboard */; };
		299228B11D2F865200CDA169 /* Assets.xcassets in Resources */ = {isa = PBXBuildFile; fileRef = 299228B01D2F865200CDA169 /* Assets.xcassets */; };
		299228B41D2F865200CDA169 /* LaunchScreen.storyboard in Resources */ = {isa = PBXBuildFile; fileRef = 299228B21D2F865200CDA169 /* LaunchScreen.storyboard */; };
		299228BC1D2F8D8100CDA169 /* pageCollectionViewCell.swift in Sources */ = {isa = PBXBuildFile; fileRef = 299228BB1D2F8D8100CDA169 /* pageCollectionViewCell.swift */; };
		299228BE1D2F8F5C00CDA169 /* File.swift in Sources */ = {isa = PBXBuildFile; fileRef = 299228BD1D2F8F5C00CDA169 /* File.swift */; };
/* End PBXBuildFile section */

/* Begin PBXFileReference section */
		299228A61D2F865200CDA169 /* PageControllWithCollectionView.app */ = {isa = PBXFileReference; explicitFileType = wrapper.application; includeInIndex = 0; path = PageControllWithCollectionView.app; sourceTree = BUILT_PRODUCTS_DIR; };
		299228A91D2F865200CDA169 /* AppDelegate.swift */ = {isa = PBXFileReference; lastKnownFileType = sourcecode.swift; path = AppDelegate.swift; sourceTree = "<group>"; };
		299228AB1D2F865200CDA169 /* ViewController.swift */ = {isa = PBXFileReference; lastKnownFileType = sourcecode.swift; path = ViewController.swift; sourceTree = "<group>"; };
		299228AE1D2F865200CDA169 /* Base */ = {isa = PBXFileReference; lastKnownFileType = file.storyboard; name = Base; path = Base.lproj/Main.storyboard; sourceTree = "<group>"; };
		299228B01D2F865200CDA169 /* Assets.xcassets */ = {isa = PBXFileReference; lastKnownFileType = folder.assetcatalog; path = Assets.xcassets; sourceTree = "<group>"; };
		299228B31D2F865200CDA169 /* Base */ = {isa = PBXFileReference; lastKnownFileType = file.storyboard; name = Base; path = Base.lproj/LaunchScreen.storyboard; sourceTree = "<group>"; };
		299228B51D2F865200CDA169 /* Info.plist */ = {isa = PBXFileReference; lastKnownFileType = text.plist.xml; path = Info.plist; sourceTree = "<group>"; };
		299228BB1D2F8D8100CDA169 /* pageCollectionViewCell.swift */ = {isa = PBXFileReference; fileEncoding = 4; lastKnownFileType = sourcecode.swift; path = pageCollectionViewCell.swift; sourceTree = "<group>"; };
		299228BD1D2F8F5C00CDA169 /* File.swift */ = {isa = PBXFileReference; fileEncoding = 4; lastKnownFileType = sourcecode.swift; path = File.swift; sourceTree = "<group>"; };
/* End PBXFileReference section */

/* Begin PBXFrameworksBuildPhase section */
		299228A31D2F865200CDA169 /* Frameworks */ = {
			isa = PBXFrameworksBuildPhase;
			buildActionMask = 2147483647;
			files = (
			);
			runOnlyForDeploymentPostprocessing = 0;
		};
/* End PBXFrameworksBuildPhase section */

/* Begin PBXGroup section */
		2992289D1D2F865200CDA169 = {
			isa = PBXGroup;
			children = (
				299228A81D2F865200CDA169 /* PageControllWithCollectionView */,
				299228A71D2F865200CDA169 /* Products */,
			);
			sourceTree = "<group>";
		};
		299228A71D2F865200CDA169 /* Products */ = {
			isa = PBXGroup;
			children = (
				299228A61D2F865200CDA169 /* PageControllWithCollectionView.app */,
			);
			name = Products;
			sourceTree = "<group>";
		};
		299228A81D2F865200CDA169 /* PageControllWithCollectionView */ = {
			isa = PBXGroup;
			children = (
				299228A91D2F865200CDA169 /* AppDelegate.swift */,
				299228AB1D2F865200CDA169 /* ViewController.swift */,
				299228BB1D2F8D8100CDA169 /* pageCollectionViewCell.swift */,
				299228AD1D2F865200CDA169 /* Main.storyboard */,
				299228BD1D2F8F5C00CDA169 /* File.swift */,
				299228B01D2F865200CDA169 /* Assets.xcassets */,
				299228B21D2F865200CDA169 /* LaunchScreen.storyboard */,
				299228B51D2F865200CDA169 /* Info.plist */,
			);
			path = PageControllWithCollectionView;
			sourceTree = "<group>";
		};
/* End PBXGroup section */

/* Begin PBXNativeTarget section */
		299228A51D2F865200CDA169 /* PageControllWithCollectionView */ = {
			isa = PBXNativeTarget;
			buildConfigurationList = 299228B81D2F865200CDA169 /* Build configuration list for PBXNativeTarget "PageControllWithCollectionView" */;
			buildPhases = (
				299228A21D2F865200CDA169 /* Sources */,
				299228A31D2F865200CDA169 /* Frameworks */,
				299228A41D2F865200CDA169 /* Resources */,
			);
			buildRules = (
			);
			dependencies = (
			);
			name = PageControllWithCollectionView;
			productName = PageControllWithCollectionView;
			productReference = 299228A61D2F865200CDA169 /* PageControllWithCollectionView.app */;
			productType = "com.apple.product-type.application";
		};
/* End PBXNativeTarget section */

/* Begin PBXProject section */
		2992289E1D2F865200CDA169 /* Project object */ = {
			isa = PBXProject;
			attributes = {
				LastSwiftUpdateCheck = 0730;
				LastUpgradeCheck = 0730;
				ORGANIZATIONNAME = Kurt;
				TargetAttributes = {
					299228A51D2F865200CDA169 = {
						CreatedOnToolsVersion = 7.3.1;
					};
				};
			};
			buildConfigurationList = 299228A11D2F865200CDA169 /* Build configuration list for PBXProject "PageControllWithCollectionView" */;
			compatibilityVersion = "Xcode 3.2";
			developmentRegion = English;
			hasScannedForEncodings = 0;
			knownRegions = (
				en,
				Base,
			);
			mainGroup = 2992289D1D2F865200CDA169;
			productRefGroup = 299228A71D2F865200CDA169 /* Products */;
			projectDirPath = "";
			projectRoot = "";
			targets = (
				299228A51D2F865200CDA169 /* PageControllWithCollectionView */,
			);
		};
/* End PBXProject section */

/* Begin PBXResourcesBuildPhase section */
		299228A41D2F865200CDA169 /* Resources */ = {
			isa = PBXResourcesBuildPhase;
			buildActionMask = 2147483647;
			files = (
				299228B41D2F865200CDA169 /* LaunchScreen.storyboard in Resources */,
				299228B11D2F865200CDA169 /* Assets.xcassets in Resources */,
				299228AF1D2F865200CDA169 /* Main.storyboard in Resources */,
			);
			runOnlyForDeploymentPostprocessing = 0;
		};
/* End PBXResourcesBuildPhase section */

/* Begin PBXSourcesBuildPhase section */
		299228A21D2F865200CDA169 /* Sources */ = {
			isa = PBXSourcesBuildPhase;
			buildActionMask = 2147483647;
			files = (
				299228AC1D2F865200CDA169 /* ViewController.swift in Sources */,
				299228BE1D2F8F5C00CDA169 /* File.swift in Sources */,
				299228AA1D2F865200CDA169 /* AppDelegate.swift in Sources */,
				299228BC1D2F8D8100CDA169 /* pageCollectionViewCell.swift in Sources */,
			);
			runOnlyForDeploymentPostprocessing = 0;
		};
/* End PBXSourcesBuildPhase section */

/* Begin PBXVariantGroup section */
		299228AD1D2F865200CDA169 /* Main.storyboard */ = {
			isa = PBXVariantGroup;
			children = (
				299228AE1D2F865200CDA169 /* Base */,
			);
			name = Main.storyboard;
			sourceTree = "<group>";
		};
		299228B21D2F865200CDA169 /* LaunchScreen.storyboard */ = {
			isa = PBXVariantGroup;
			children = (
				299228B31D2F865200CDA169 /* Base */,
			);
			name = LaunchScreen.storyboard;
			sourceTree = "<group>";
		};
/* End PBXVariantGroup section */

/* Begin XCBuildConfiguration section */
		299228B61D2F865200CDA169 /* Debug */ = {
			isa = XCBuildConfiguration;
			buildSettings = {
				ALWAYS_SEARCH_USER_PATHS = NO;
				CLANG_ANALYZER_NONNULL = YES;
				CLANG_CXX_LANGUAGE_STANDARD = "gnu++0x";
				CLANG_CXX_LIBRARY = "libc++";
				CLANG_ENABLE_MODULES = YES;
				CLANG_ENABLE_OBJC_ARC = YES;
				CLANG_WARN_BOOL_CONVERSION = YES;
				CLANG_WARN_CONSTANT_CONVERSION = YES;
				CLANG_WARN_DIRECT_OBJC_ISA_USAGE = YES_ERROR;
				CLANG_WARN_EMPTY_BODY = YES;
				CLANG_WARN_ENUM_CONVERSION = YES;
				CLANG_WARN_INT_CONVERSION = YES;
				CLANG_WARN_OBJC_ROOT_CLASS = YES_ERROR;
				CLANG_WARN_UNREACHABLE_CODE = YES;
				CLANG_WARN__DUPLICATE_METHOD_MATCH = YES;
				"CODE_SIGN_IDENTITY[sdk=iphoneos*]" = "iPhone Developer";
				COPY_PHASE_STRIP = NO;
				DEBUG_INFORMATION_FORMAT = dwarf;
				ENABLE_STRICT_OBJC_MSGSEND = YES;
				ENABLE_TESTABILITY = YES;
				GCC_C_LANGUAGE_STANDARD = gnu99;
				GCC_DYNAMIC_NO_PIC = NO;
				GCC_NO_COMMON_BLOCKS = YES;
				GCC_OPTIMIZATION_LEVEL = 0;
				GCC_PREPROCESSOR_DEFINITIONS = (
					"DEBUG=1",
					"$(inherited)",
				);
				GCC_WARN_64_TO_32_BIT_CONVERSION = YES;
				GCC_WARN_ABOUT_RETURN_TYPE = YES_ERROR;
				GCC_WARN_UNDECLARED_SELECTOR = YES;
				GCC_WARN_UNINITIALIZED_AUTOS = YES_AGGRESSIVE;
				GCC_WARN_UNUSED_FUNCTION = YES;
				GCC_WARN_UNUSED_VARIABLE = YES;
				IPHONEOS_DEPLOYMENT_TARGET = 9.3;
				MTL_ENABLE_DEBUG_INFO = YES;
				ONLY_ACTIVE_ARCH = YES;
				SDKROOT = iphoneos;
				SWIFT_OPTIMIZATION_LEVEL = "-Onone";
				TARGETED_DEVICE_FAMILY = "1,2";
			};
			name = Debug;
		};
		299228B71D2F865200CDA169 /* Release */ = {
			isa = XCBuildConfiguration;
			buildSettings = {
				ALWAYS_SEARCH_USER_PATHS = NO;
				CLANG_ANALYZER_NONNULL = YES;
				CLANG_CXX_LANGUAGE_STANDARD = "gnu++0x";
				CLANG_CXX_LIBRARY = "libc++";
				CLANG_ENABLE_MODULES = YES;
				CLANG_ENABLE_OBJC_ARC = YES;
				CLANG_WARN_BOOL_CONVERSION = YES;
				CLANG_WARN_CONSTANT_CONVERSION = YES;
				CLANG_WARN_DIRECT_OBJC_ISA_USAGE = YES_ERROR;
				CLANG_WARN_EMPTY_BODY = YES;
				CLANG_WARN_ENUM_CONVERSION = YES;
				CLANG_WARN_INT_CONVERSION = YES;
				CLANG_WARN_OBJC_ROOT_CLASS = YES_ERROR;
				CLANG_WARN_UNREACHABLE_CODE = YES;
				CLANG_WARN__DUPLICATE_METHOD_MATCH = YES;
				"CODE_SIGN_IDENTITY[sdk=iphoneos*]" = "iPhone Developer";
				COPY_PHASE_STRIP = NO;
				DEBUG_INFORMATION_FORMAT = "dwarf-with-dsym";
				ENABLE_NS_ASSERTIONS = NO;
				ENABLE_STRICT_OBJC_MSGSEND = YES;
				GCC_C_LANGUAGE_STANDARD = gnu99;
				GCC_NO_COMMON_BLOCKS = YES;
				GCC_WARN_64_TO_32_BIT_CONVERSION = YES;
				GCC_WARN_ABOUT_RETURN_TYPE = YES_ERROR;
				GCC_WARN_UNDECLARED_SELECTOR = YES;
				GCC_WARN_UNINITIALIZED_AUTOS = YES_AGGRESSIVE;
				GCC_WARN_UNUSED_FUNCTION = YES;
				GCC_WARN_UNUSED_VARIABLE = YES;
				IPHONEOS_DEPLOYMENT_TARGET = 9.3;
				MTL_ENABLE_DEBUG_INFO = NO;
				SDKROOT = iphoneos;
				TARGETED_DEVICE_FAMILY = "1,2";
				VALIDATE_PRODUCT = YES;
			};
			name = Release;
		};
		299228B91D2F865200CDA169 /* Debug */ = {
			isa = XCBuildConfiguration;
			buildSettings = {
				ASSETCATALOG_COMPILER_APPICON_NAME = AppIcon;
				INFOPLIST_FILE = PageControllWithCollectionView/Info.plist;
				LD_RUNPATH_SEARCH_PATHS = "$(inherited) @executable_path/Frameworks";
				PRODUCT_BUNDLE_IDENTIFIER = edu.self.PageControllWithCollectionView;
				PRODUCT_NAME = "$(TARGET_NAME)";
			};
			name = Debug;
		};
		299228BA1D2F865200CDA169 /* Release */ = {
			isa = XCBuildConfiguration;
			buildSettings = {
				ASSETCATALOG_COMPILER_APPICON_NAME = AppIcon;
				INFOPLIST_FILE = PageControllWithCollectionView/Info.plist;
				LD_RUNPATH_SEARCH_PATHS = "$(inherited) @executable_path/Frameworks";
				PRODUCT_BUNDLE_IDENTIFIER = edu.self.PageControllWithCollectionView;
				PRODUCT_NAME = "$(TARGET_NAME)";
			};
			name = Release;
		};
/* End XCBuildConfiguration section */

/* Begin XCConfigurationList section */
		299228A11D2F865200CDA169 /* Build configuration list for PBXProject "PageControllWithCollectionView" */ = {
			isa = XCConfigurationList;
			buildConfigurations = (
				299228B61D2F865200CDA169 /* Debug */,
				299228B71D2F865200CDA169 /* Release */,
			);
			defaultConfigurationIsVisible = 0;
			defaultConfigurationName = Release;
		};
		299228B81D2F865200CDA169 /* Build configuration list for PBXNativeTarget "PageControllWithCollectionView" */ = {
			isa = XCConfigurationList;
			buildConfigurations = (
				299228B91D2F865200CDA169 /* Debug */,
				299228BA1D2F865200CDA169 /* Release */,
			);
			defaultConfigurationIsVisible = 0;
		};
/* End XCConfigurationList section */
	};
	rootObject = 2992289E1D2F865200CDA169 /* Project object */;
}
