// !$*UTF8*$!
{
	archiveVersion = 1;
	classes = {
	};
	objectVersion = 46;
	objects = {

/* Begin PBXBuildFile section */
		2923F4081D261576000383A1 /* AppDelegate.swift in Sources */ = {isa = PBXBuildFile; fileRef = 2923F4071D261576000383A1 /* AppDelegate.swift */; };
		2923F40A1D261576000383A1 /* ViewController.swift in Sources */ = {isa = PBXBuildFile; fileRef = 2923F4091D261576000383A1 /* ViewController.swift */; };
		2923F40D1D261576000383A1 /* Main.storyboard in Resources */ = {isa = PBXBuildFile; fileRef = 2923F40B1D261576000383A1 /* Main.storyboard */; };
		2923F40F1D261576000383A1 /* Assets.xcassets in Resources */ = {isa = PBXBuildFile; fileRef = 2923F40E1D261576000383A1 /* Assets.xcassets */; };
		2923F4121D261576000383A1 /* LaunchScreen.storyboard in Resources */ = {isa = PBXBuildFile; fileRef = 2923F4101D261576000383A1 /* LaunchScreen.storyboard */; };
/* End PBXBuildFile section */

/* Begin PBXFileReference section */
		2923F4041D261576000383A1 /* GoogleLoginButton.app */ = {isa = PBXFileReference; explicitFileType = wrapper.application; includeInIndex = 0; path = GoogleLoginButton.app; sourceTree = BUILT_PRODUCTS_DIR; };
		2923F4071D261576000383A1 /* AppDelegate.swift */ = {isa = PBXFileReference; lastKnownFileType = sourcecode.swift; path = AppDelegate.swift; sourceTree = "<group>"; };
		2923F4091D261576000383A1 /* ViewController.swift */ = {isa = PBXFileReference; lastKnownFileType = sourcecode.swift; path = ViewController.swift; sourceTree = "<group>"; };
		2923F40C1D261576000383A1 /* Base */ = {isa = PBXFileReference; lastKnownFileType = file.storyboard; name = Base; path = Base.lproj/Main.storyboard; sourceTree = "<group>"; };
		2923F40E1D261576000383A1 /* Assets.xcassets */ = {isa = PBXFileReference; lastKnownFileType = folder.assetcatalog; path = Assets.xcassets; sourceTree = "<group>"; };
		2923F4111D261576000383A1 /* Base */ = {isa = PBXFileReference; lastKnownFileType = file.storyboard; name = Base; path = Base.lproj/LaunchScreen.storyboard; sourceTree = "<group>"; };
		2923F4131D261576000383A1 /* Info.plist */ = {isa = PBXFileReference; lastKnownFileType = text.plist.xml; path = Info.plist; sourceTree = "<group>"; };
/* End PBXFileReference section */

/* Begin PBXFrameworksBuildPhase section */
		2923F4011D261576000383A1 /* Frameworks */ = {
			isa = PBXFrameworksBuildPhase;
			buildActionMask = 2147483647;
			files = (
			);
			runOnlyForDeploymentPostprocessing = 0;
		};
/* End PBXFrameworksBuildPhase section */

/* Begin PBXGroup section */
		2923F3FB1D261576000383A1 = {
			isa = PBXGroup;
			children = (
				2923F4061D261576000383A1 /* GoogleLoginButton */,
				2923F4051D261576000383A1 /* Products */,
			);
			sourceTree = "<group>";
		};
		2923F4051D261576000383A1 /* Products */ = {
			isa = PBXGroup;
			children = (
				2923F4041D261576000383A1 /* GoogleLoginButton.app */,
			);
			name = Products;
			sourceTree = "<group>";
		};
		2923F4061D261576000383A1 /* GoogleLoginButton */ = {
			isa = PBXGroup;
			children = (
				2923F4071D261576000383A1 /* AppDelegate.swift */,
				2923F4091D261576000383A1 /* ViewController.swift */,
				2923F40B1D261576000383A1 /* Main.storyboard */,
				2923F40E1D261576000383A1 /* Assets.xcassets */,
				2923F4101D261576000383A1 /* LaunchScreen.storyboard */,
				2923F4131D261576000383A1 /* Info.plist */,
			);
			path = GoogleLoginButton;
			sourceTree = "<group>";
		};
/* End PBXGroup section */

/* Begin PBXNativeTarget section */
		2923F4031D261576000383A1 /* GoogleLoginButton */ = {
			isa = PBXNativeTarget;
			buildConfigurationList = 2923F4161D261576000383A1 /* Build configuration list for PBXNativeTarget "GoogleLoginButton" */;
			buildPhases = (
				2923F4001D261576000383A1 /* Sources */,
				2923F4011D261576000383A1 /* Frameworks */,
				2923F4021D261576000383A1 /* Resources */,
			);
			buildRules = (
			);
			dependencies = (
			);
			name = GoogleLoginButton;
			productName = GoogleLoginButton;
			productReference = 2923F4041D261576000383A1 /* GoogleLoginButton.app */;
			productType = "com.apple.product-type.application";
		};
/* End PBXNativeTarget section */

/* Begin PBXProject section */
		2923F3FC1D261576000383A1 /* Project object */ = {
			isa = PBXProject;
			attributes = {
				LastSwiftUpdateCheck = 0730;
				LastUpgradeCheck = 0730;
				ORGANIZATIONNAME = Kurt;
				TargetAttributes = {
					2923F4031D261576000383A1 = {
						CreatedOnToolsVersion = 7.3.1;
					};
				};
			};
			buildConfigurationList = 2923F3FF1D261576000383A1 /* Build configuration list for PBXProject "GoogleLoginButton" */;
			compatibilityVersion = "Xcode 3.2";
			developmentRegion = English;
			hasScannedForEncodings = 0;
			knownRegions = (
				en,
				Base,
			);
			mainGroup = 2923F3FB1D261576000383A1;
			productRefGroup = 2923F4051D261576000383A1 /* Products */;
			projectDirPath = "";
			projectRoot = "";
			targets = (
				2923F4031D261576000383A1 /* GoogleLoginButton */,
			);
		};
/* End PBXProject section */

/* Begin PBXResourcesBuildPhase section */
		2923F4021D261576000383A1 /* Resources */ = {
			isa = PBXResourcesBuildPhase;
			buildActionMask = 2147483647;
			files = (
				2923F4121D261576000383A1 /* LaunchScreen.storyboard in Resources */,
				2923F40F1D261576000383A1 /* Assets.xcassets in Resources */,
				2923F40D1D261576000383A1 /* Main.storyboard in Resources */,
			);
			runOnlyForDeploymentPostprocessing = 0;
		};
/* End PBXResourcesBuildPhase section */

/* Begin PBXSourcesBuildPhase section */
		2923F4001D261576000383A1 /* Sources */ = {
			isa = PBXSourcesBuildPhase;
			buildActionMask = 2147483647;
			files = (
				2923F40A1D261576000383A1 /* ViewController.swift in Sources */,
				2923F4081D261576000383A1 /* AppDelegate.swift in Sources */,
			);
			runOnlyForDeploymentPostprocessing = 0;
		};
/* End PBXSourcesBuildPhase section */

/* Begin PBXVariantGroup section */
		2923F40B1D261576000383A1 /* Main.storyboard */ = {
			isa = PBXVariantGroup;
			children = (
				2923F40C1D261576000383A1 /* Base */,
			);
			name = Main.storyboard;
			sourceTree = "<group>";
		};
		2923F4101D261576000383A1 /* LaunchScreen.storyboard */ = {
			isa = PBXVariantGroup;
			children = (
				2923F4111D261576000383A1 /* Base */,
			);
			name = LaunchScreen.storyboard;
			sourceTree = "<group>";
		};
/* End PBXVariantGroup section */

/* Begin XCBuildConfiguration section */
		2923F4141D261576000383A1 /* Debug */ = {
			isa = XCBuildConfiguration;
			buildSettings = {
				ALWAYS_SEARCH_USER_PATHS = NO;
				CLANG_ANALYZER_NONNULL = YES;
				CLANG_CXX_LANGUAGE_STANDARD = "gnu++0x";
				CLANG_CXX_LIBRARY = "libc++";
				CLANG_ENABLE_MODULES = YES;
				CLANG_ENABLE_OBJC_ARC = YES;
				CLANG_WARN_BOOL_CONVERSION = YES;
				CLANG_WARN_CONSTANT_CONVERSION = YES;
				CLANG_WARN_DIRECT_OBJC_ISA_USAGE = YES_ERROR;
				CLANG_WARN_EMPTY_BODY = YES;
				CLANG_WARN_ENUM_CONVERSION = YES;
				CLANG_WARN_INT_CONVERSION = YES;
				CLANG_WARN_OBJC_ROOT_CLASS = YES_ERROR;
				CLANG_WARN_UNREACHABLE_CODE = YES;
				CLANG_WARN__DUPLICATE_METHOD_MATCH = YES;
				"CODE_SIGN_IDENTITY[sdk=iphoneos*]" = "iPhone Developer";
				COPY_PHASE_STRIP = NO;
				DEBUG_INFORMATION_FORMAT = dwarf;
				ENABLE_STRICT_OBJC_MSGSEND = YES;
				ENABLE_TESTABILITY = YES;
				GCC_C_LANGUAGE_STANDARD = gnu99;
				GCC_DYNAMIC_NO_PIC = NO;
				GCC_NO_COMMON_BLOCKS = YES;
				GCC_OPTIMIZATION_LEVEL = 0;
				GCC_PREPROCESSOR_DEFINITIONS = (
					"DEBUG=1",
					"$(inherited)",
				);
				GCC_WARN_64_TO_32_BIT_CONVERSION = YES;
				GCC_WARN_ABOUT_RETURN_TYPE = YES_ERROR;
				GCC_WARN_UNDECLARED_SELECTOR = YES;
				GCC_WARN_UNINITIALIZED_AUTOS = YES_AGGRESSIVE;
				GCC_WARN_UNUSED_FUNCTION = YES;
				GCC_WARN_UNUSED_VARIABLE = YES;
				IPHONEOS_DEPLOYMENT_TARGET = 9.3;
				MTL_ENABLE_DEBUG_INFO = YES;
				ONLY_ACTIVE_ARCH = YES;
				SDKROOT = iphoneos;
				SWIFT_OPTIMIZATION_LEVEL = "-Onone";
				TARGETED_DEVICE_FAMILY = "1,2";
			};
			name = Debug;
		};
		2923F4151D261576000383A1 /* Release */ = {
			isa = XCBuildConfiguration;
			buildSettings = {
				ALWAYS_SEARCH_USER_PATHS = NO;
				CLANG_ANALYZER_NONNULL = YES;
				CLANG_CXX_LANGUAGE_STANDARD = "gnu++0x";
				CLANG_CXX_LIBRARY = "libc++";
				CLANG_ENABLE_MODULES = YES;
				CLANG_ENABLE_OBJC_ARC = YES;
				CLANG_WARN_BOOL_CONVERSION = YES;
				CLANG_WARN_CONSTANT_CONVERSION = YES;
				CLANG_WARN_DIRECT_OBJC_ISA_USAGE = YES_ERROR;
				CLANG_WARN_EMPTY_BODY = YES;
				CLANG_WARN_ENUM_CONVERSION = YES;
				CLANG_WARN_INT_CONVERSION = YES;
				CLANG_WARN_OBJC_ROOT_CLASS = YES_ERROR;
				CLANG_WARN_UNREACHABLE_CODE = YES;
				CLANG_WARN__DUPLICATE_METHOD_MATCH = YES;
				"CODE_SIGN_IDENTITY[sdk=iphoneos*]" = "iPhone Developer";
				COPY_PHASE_STRIP = NO;
				DEBUG_INFORMATION_FORMAT = "dwarf-with-dsym";
				ENABLE_NS_ASSERTIONS = NO;
				ENABLE_STRICT_OBJC_MSGSEND = YES;
				GCC_C_LANGUAGE_STANDARD = gnu99;
				GCC_NO_COMMON_BLOCKS = YES;
				GCC_WARN_64_TO_32_BIT_CONVERSION = YES;
				GCC_WARN_ABOUT_RETURN_TYPE = YES_ERROR;
				GCC_WARN_UNDECLARED_SELECTOR = YES;
				GCC_WARN_UNINITIALIZED_AUTOS = YES_AGGRESSIVE;
				GCC_WARN_UNUSED_FUNCTION = YES;
				GCC_WARN_UNUSED_VARIABLE = YES;
				IPHONEOS_DEPLOYMENT_TARGET = 9.3;
				MTL_ENABLE_DEBUG_INFO = NO;
				SDKROOT = iphoneos;
				TARGETED_DEVICE_FAMILY = "1,2";
				VALIDATE_PRODUCT = YES;
			};
			name = Release;
		};
		2923F4171D261576000383A1 /* Debug */ = {
			isa = XCBuildConfiguration;
			buildSettings = {
				ASSETCATALOG_COMPILER_APPICON_NAME = AppIcon;
				INFOPLIST_FILE = GoogleLoginButton/Info.plist;
				LD_RUNPATH_SEARCH_PATHS = "$(inherited) @executable_path/Frameworks";
				PRODUCT_BUNDLE_IDENTIFIER = edu.self.GoogleLoginButton;
				PRODUCT_NAME = "$(TARGET_NAME)";
			};
			name = Debug;
		};
		2923F4181D261576000383A1 /* Release */ = {
			isa = XCBuildConfiguration;
			buildSettings = {
				ASSETCATALOG_COMPILER_APPICON_NAME = AppIcon;
				INFOPLIST_FILE = GoogleLoginButton/Info.plist;
				LD_RUNPATH_SEARCH_PATHS = "$(inherited) @executable_path/Frameworks";
				PRODUCT_BUNDLE_IDENTIFIER = edu.self.GoogleLoginButton;
				PRODUCT_NAME = "$(TARGET_NAME)";
			};
			name = Release;
		};
/* End XCBuildConfiguration section */

/* Begin XCConfigurationList section */
		2923F3FF1D261576000383A1 /* Build configuration list for PBXProject "GoogleLoginButton" */ = {
			isa = XCConfigurationList;
			buildConfigurations = (
				2923F4141D261576000383A1 /* Debug */,
				2923F4151D261576000383A1 /* Release */,
			);
			defaultConfigurationIsVisible = 0;
			defaultConfigurationName = Release;
		};
		2923F4161D261576000383A1 /* Build configuration list for PBXNativeTarget "GoogleLoginButton" */ = {
			isa = XCConfigurationList;
			buildConfigurations = (
				2923F4171D261576000383A1 /* Debug */,
				2923F4181D261576000383A1 /* Release */,
			);
			defaultConfigurationIsVisible = 0;
		};
/* End XCConfigurationList section */
	};
	rootObject = 2923F3FC1D261576000383A1 /* Project object */;
}
