// !$*UTF8*$!
{
	archiveVersion = 1;
	classes = {
	};
	objectVersion = 46;
	objects = {

/* Begin PBXBuildFile section */
		290BBBAE1D27DA5500E32DC0 /* AppDelegate.swift in Sources */ = {isa = PBXBuildFile; fileRef = 290BBBAD1D27DA5500E32DC0 /* AppDelegate.swift */; };
		290BBBB01D27DA5500E32DC0 /* ViewController.swift in Sources */ = {isa = PBXBuildFile; fileRef = 290BBBAF1D27DA5500E32DC0 /* ViewController.swift */; };
		290BBBB31D27DA5500E32DC0 /* Main.storyboard in Resources */ = {isa = PBXBuildFile; fileRef = 290BBBB11D27DA5500E32DC0 /* Main.storyboard */; };
		290BBBB51D27DA5500E32DC0 /* Assets.xcassets in Resources */ = {isa = PBXBuildFile; fileRef = 290BBBB41D27DA5500E32DC0 /* Assets.xcassets */; };
		290BBBB81D27DA5500E32DC0 /* LaunchScreen.storyboard in Resources */ = {isa = PBXBuildFile; fileRef = 290BBBB61D27DA5500E32DC0 /* LaunchScreen.storyboard */; };
		290BBBC01D27DBC500E32DC0 /* PicFile.swift in Sources */ = {isa = PBXBuildFile; fileRef = 290BBBBF1D27DBC500E32DC0 /* PicFile.swift */; };
		290BBBC21D27DEE200E32DC0 /* BodyCollectionViewCell.swift in Sources */ = {isa = PBXBuildFile; fileRef = 290BBBC11D27DEE200E32DC0 /* BodyCollectionViewCell.swift */; };
		290BBBC41D29211200E32DC0 /* HeaderCollectionViewCell.swift in Sources */ = {isa = PBXBuildFile; fileRef = 290BBBC31D29211200E32DC0 /* HeaderCollectionViewCell.swift */; };
/* End PBXBuildFile section */

/* Begin PBXFileReference section */
		290BBBAA1D27DA5500E32DC0 /* FreeBuildCollectionView.app */ = {isa = PBXFileReference; explicitFileType = wrapper.application; includeInIndex = 0; path = FreeBuildCollectionView.app; sourceTree = BUILT_PRODUCTS_DIR; };
		290BBBAD1D27DA5500E32DC0 /* AppDelegate.swift */ = {isa = PBXFileReference; lastKnownFileType = sourcecode.swift; path = AppDelegate.swift; sourceTree = "<group>"; };
		290BBBAF1D27DA5500E32DC0 /* ViewController.swift */ = {isa = PBXFileReference; lastKnownFileType = sourcecode.swift; path = ViewController.swift; sourceTree = "<group>"; };
		290BBBB21D27DA5500E32DC0 /* Base */ = {isa = PBXFileReference; lastKnownFileType = file.storyboard; name = Base; path = Base.lproj/Main.storyboard; sourceTree = "<group>"; };
		290BBBB41D27DA5500E32DC0 /* Assets.xcassets */ = {isa = PBXFileReference; lastKnownFileType = folder.assetcatalog; path = Assets.xcassets; sourceTree = "<group>"; };
		290BBBB71D27DA5500E32DC0 /* Base */ = {isa = PBXFileReference; lastKnownFileType = file.storyboard; name = Base; path = Base.lproj/LaunchScreen.storyboard; sourceTree = "<group>"; };
		290BBBB91D27DA5500E32DC0 /* Info.plist */ = {isa = PBXFileReference; lastKnownFileType = text.plist.xml; path = Info.plist; sourceTree = "<group>"; };
		290BBBBF1D27DBC500E32DC0 /* PicFile.swift */ = {isa = PBXFileReference; fileEncoding = 4; lastKnownFileType = sourcecode.swift; path = PicFile.swift; sourceTree = "<group>"; };
		290BBBC11D27DEE200E32DC0 /* BodyCollectionViewCell.swift */ = {isa = PBXFileReference; fileEncoding = 4; lastKnownFileType = sourcecode.swift; path = BodyCollectionViewCell.swift; sourceTree = "<group>"; };
		290BBBC31D29211200E32DC0 /* HeaderCollectionViewCell.swift */ = {isa = PBXFileReference; fileEncoding = 4; lastKnownFileType = sourcecode.swift; path = HeaderCollectionViewCell.swift; sourceTree = "<group>"; };
/* End PBXFileReference section */

/* Begin PBXFrameworksBuildPhase section */
		290BBBA71D27DA5500E32DC0 /* Frameworks */ = {
			isa = PBXFrameworksBuildPhase;
			buildActionMask = 2147483647;
			files = (
			);
			runOnlyForDeploymentPostprocessing = 0;
		};
/* End PBXFrameworksBuildPhase section */

/* Begin PBXGroup section */
		290BBBA11D27DA5500E32DC0 = {
			isa = PBXGroup;
			children = (
				290BBBAC1D27DA5500E32DC0 /* FreeBuildCollectionView */,
				290BBBAB1D27DA5500E32DC0 /* Products */,
			);
			sourceTree = "<group>";
		};
		290BBBAB1D27DA5500E32DC0 /* Products */ = {
			isa = PBXGroup;
			children = (
				290BBBAA1D27DA5500E32DC0 /* FreeBuildCollectionView.app */,
			);
			name = Products;
			sourceTree = "<group>";
		};
		290BBBAC1D27DA5500E32DC0 /* FreeBuildCollectionView */ = {
			isa = PBXGroup;
			children = (
				290BBBAD1D27DA5500E32DC0 /* AppDelegate.swift */,
				290BBBAF1D27DA5500E32DC0 /* ViewController.swift */,
				290BBBC11D27DEE200E32DC0 /* BodyCollectionViewCell.swift */,
				290BBBB11D27DA5500E32DC0 /* Main.storyboard */,
				290BBBC31D29211200E32DC0 /* HeaderCollectionViewCell.swift */,
				290BBBBF1D27DBC500E32DC0 /* PicFile.swift */,
				290BBBB41D27DA5500E32DC0 /* Assets.xcassets */,
				290BBBB61D27DA5500E32DC0 /* LaunchScreen.storyboard */,
				290BBBB91D27DA5500E32DC0 /* Info.plist */,
			);
			path = FreeBuildCollectionView;
			sourceTree = "<group>";
		};
/* End PBXGroup section */

/* Begin PBXNativeTarget section */
		290BBBA91D27DA5500E32DC0 /* FreeBuildCollectionView */ = {
			isa = PBXNativeTarget;
			buildConfigurationList = 290BBBBC1D27DA5500E32DC0 /* Build configuration list for PBXNativeTarget "FreeBuildCollectionView" */;
			buildPhases = (
				290BBBA61D27DA5500E32DC0 /* Sources */,
				290BBBA71D27DA5500E32DC0 /* Frameworks */,
				290BBBA81D27DA5500E32DC0 /* Resources */,
			);
			buildRules = (
			);
			dependencies = (
			);
			name = FreeBuildCollectionView;
			productName = FreeBuildCollectionView;
			productReference = 290BBBAA1D27DA5500E32DC0 /* FreeBuildCollectionView.app */;
			productType = "com.apple.product-type.application";
		};
/* End PBXNativeTarget section */

/* Begin PBXProject section */
		290BBBA21D27DA5500E32DC0 /* Project object */ = {
			isa = PBXProject;
			attributes = {
				LastSwiftUpdateCheck = 0730;
				LastUpgradeCheck = 0730;
				ORGANIZATIONNAME = Kurt;
				TargetAttributes = {
					290BBBA91D27DA5500E32DC0 = {
						CreatedOnToolsVersion = 7.3.1;
					};
				};
			};
			buildConfigurationList = 290BBBA51D27DA5500E32DC0 /* Build configuration list for PBXProject "FreeBuildCollectionView" */;
			compatibilityVersion = "Xcode 3.2";
			developmentRegion = English;
			hasScannedForEncodings = 0;
			knownRegions = (
				en,
				Base,
			);
			mainGroup = 290BBBA11D27DA5500E32DC0;
			productRefGroup = 290BBBAB1D27DA5500E32DC0 /* Products */;
			projectDirPath = "";
			projectRoot = "";
			targets = (
				290BBBA91D27DA5500E32DC0 /* FreeBuildCollectionView */,
			);
		};
/* End PBXProject section */

/* Begin PBXResourcesBuildPhase section */
		290BBBA81D27DA5500E32DC0 /* Resources */ = {
			isa = PBXResourcesBuildPhase;
			buildActionMask = 2147483647;
			files = (
				290BBBB81D27DA5500E32DC0 /* LaunchScreen.storyboard in Resources */,
				290BBBB51D27DA5500E32DC0 /* Assets.xcassets in Resources */,
				290BBBB31D27DA5500E32DC0 /* Main.storyboard in Resources */,
			);
			runOnlyForDeploymentPostprocessing = 0;
		};
/* End PBXResourcesBuildPhase section */

/* Begin PBXSourcesBuildPhase section */
		290BBBA61D27DA5500E32DC0 /* Sources */ = {
			isa = PBXSourcesBuildPhase;
			buildActionMask = 2147483647;
			files = (
				290BBBC21D27DEE200E32DC0 /* BodyCollectionViewCell.swift in Sources */,
				290BBBB01D27DA5500E32DC0 /* ViewController.swift in Sources */,
				290BBBC41D29211200E32DC0 /* HeaderCollectionViewCell.swift in Sources */,
				290BBBC01D27DBC500E32DC0 /* PicFile.swift in Sources */,
				290BBBAE1D27DA5500E32DC0 /* AppDelegate.swift in Sources */,
			);
			runOnlyForDeploymentPostprocessing = 0;
		};
/* End PBXSourcesBuildPhase section */

/* Begin PBXVariantGroup section */
		290BBBB11D27DA5500E32DC0 /* Main.storyboard */ = {
			isa = PBXVariantGroup;
			children = (
				290BBBB21D27DA5500E32DC0 /* Base */,
			);
			name = Main.storyboard;
			sourceTree = "<group>";
		};
		290BBBB61D27DA5500E32DC0 /* LaunchScreen.storyboard */ = {
			isa = PBXVariantGroup;
			children = (
				290BBBB71D27DA5500E32DC0 /* Base */,
			);
			name = LaunchScreen.storyboard;
			sourceTree = "<group>";
		};
/* End PBXVariantGroup section */

/* Begin XCBuildConfiguration section */
		290BBBBA1D27DA5500E32DC0 /* Debug */ = {
			isa = XCBuildConfiguration;
			buildSettings = {
				ALWAYS_SEARCH_USER_PATHS = NO;
				CLANG_ANALYZER_NONNULL = YES;
				CLANG_CXX_LANGUAGE_STANDARD = "gnu++0x";
				CLANG_CXX_LIBRARY = "libc++";
				CLANG_ENABLE_MODULES = YES;
				CLANG_ENABLE_OBJC_ARC = YES;
				CLANG_WARN_BOOL_CONVERSION = YES;
				CLANG_WARN_CONSTANT_CONVERSION = YES;
				CLANG_WARN_DIRECT_OBJC_ISA_USAGE = YES_ERROR;
				CLANG_WARN_EMPTY_BODY = YES;
				CLANG_WARN_ENUM_CONVERSION = YES;
				CLANG_WARN_INT_CONVERSION = YES;
				CLANG_WARN_OBJC_ROOT_CLASS = YES_ERROR;
				CLANG_WARN_UNREACHABLE_CODE = YES;
				CLANG_WARN__DUPLICATE_METHOD_MATCH = YES;
				"CODE_SIGN_IDENTITY[sdk=iphoneos*]" = "iPhone Developer";
				COPY_PHASE_STRIP = NO;
				DEBUG_INFORMATION_FORMAT = dwarf;
				ENABLE_STRICT_OBJC_MSGSEND = YES;
				ENABLE_TESTABILITY = YES;
				GCC_C_LANGUAGE_STANDARD = gnu99;
				GCC_DYNAMIC_NO_PIC = NO;
				GCC_NO_COMMON_BLOCKS = YES;
				GCC_OPTIMIZATION_LEVEL = 0;
				GCC_PREPROCESSOR_DEFINITIONS = (
					"DEBUG=1",
					"$(inherited)",
				);
				GCC_WARN_64_TO_32_BIT_CONVERSION = YES;
				GCC_WARN_ABOUT_RETURN_TYPE = YES_ERROR;
				GCC_WARN_UNDECLARED_SELECTOR = YES;
				GCC_WARN_UNINITIALIZED_AUTOS = YES_AGGRESSIVE;
				GCC_WARN_UNUSED_FUNCTION = YES;
				GCC_WARN_UNUSED_VARIABLE = YES;
				IPHONEOS_DEPLOYMENT_TARGET = 9.3;
				MTL_ENABLE_DEBUG_INFO = YES;
				ONLY_ACTIVE_ARCH = YES;
				SDKROOT = iphoneos;
				SWIFT_OPTIMIZATION_LEVEL = "-Onone";
				TARGETED_DEVICE_FAMILY = "1,2";
			};
			name = Debug;
		};
		290BBBBB1D27DA5500E32DC0 /* Release */ = {
			isa = XCBuildConfiguration;
			buildSettings = {
				ALWAYS_SEARCH_USER_PATHS = NO;
				CLANG_ANALYZER_NONNULL = YES;
				CLANG_CXX_LANGUAGE_STANDARD = "gnu++0x";
				CLANG_CXX_LIBRARY = "libc++";
				CLANG_ENABLE_MODULES = YES;
				CLANG_ENABLE_OBJC_ARC = YES;
				CLANG_WARN_BOOL_CONVERSION = YES;
				CLANG_WARN_CONSTANT_CONVERSION = YES;
				CLANG_WARN_DIRECT_OBJC_ISA_USAGE = YES_ERROR;
				CLANG_WARN_EMPTY_BODY = YES;
				CLANG_WARN_ENUM_CONVERSION = YES;
				CLANG_WARN_INT_CONVERSION = YES;
				CLANG_WARN_OBJC_ROOT_CLASS = YES_ERROR;
				CLANG_WARN_UNREACHABLE_CODE = YES;
				CLANG_WARN__DUPLICATE_METHOD_MATCH = YES;
				"CODE_SIGN_IDENTITY[sdk=iphoneos*]" = "iPhone Developer";
				COPY_PHASE_STRIP = NO;
				DEBUG_INFORMATION_FORMAT = "dwarf-with-dsym";
				ENABLE_NS_ASSERTIONS = NO;
				ENABLE_STRICT_OBJC_MSGSEND = YES;
				GCC_C_LANGUAGE_STANDARD = gnu99;
				GCC_NO_COMMON_BLOCKS = YES;
				GCC_WARN_64_TO_32_BIT_CONVERSION = YES;
				GCC_WARN_ABOUT_RETURN_TYPE = YES_ERROR;
				GCC_WARN_UNDECLARED_SELECTOR = YES;
				GCC_WARN_UNINITIALIZED_AUTOS = YES_AGGRESSIVE;
				GCC_WARN_UNUSED_FUNCTION = YES;
				GCC_WARN_UNUSED_VARIABLE = YES;
				IPHONEOS_DEPLOYMENT_TARGET = 9.3;
				MTL_ENABLE_DEBUG_INFO = NO;
				SDKROOT = iphoneos;
				TARGETED_DEVICE_FAMILY = "1,2";
				VALIDATE_PRODUCT = YES;
			};
			name = Release;
		};
		290BBBBD1D27DA5500E32DC0 /* Debug */ = {
			isa = XCBuildConfiguration;
			buildSettings = {
				ASSETCATALOG_COMPILER_APPICON_NAME = AppIcon;
				INFOPLIST_FILE = FreeBuildCollectionView/Info.plist;
				LD_RUNPATH_SEARCH_PATHS = "$(inherited) @executable_path/Frameworks";
				PRODUCT_BUNDLE_IDENTIFIER = edu.self.FreeBuildCollectionView;
				PRODUCT_NAME = "$(TARGET_NAME)";
			};
			name = Debug;
		};
		290BBBBE1D27DA5500E32DC0 /* Release */ = {
			isa = XCBuildConfiguration;
			buildSettings = {
				ASSETCATALOG_COMPILER_APPICON_NAME = AppIcon;
				INFOPLIST_FILE = FreeBuildCollectionView/Info.plist;
				LD_RUNPATH_SEARCH_PATHS = "$(inherited) @executable_path/Frameworks";
				PRODUCT_BUNDLE_IDENTIFIER = edu.self.FreeBuildCollectionView;
				PRODUCT_NAME = "$(TARGET_NAME)";
			};
			name = Release;
		};
/* End XCBuildConfiguration section */

/* Begin XCConfigurationList section */
		290BBBA51D27DA5500E32DC0 /* Build configuration list for PBXProject "FreeBuildCollectionView" */ = {
			isa = XCConfigurationList;
			buildConfigurations = (
				290BBBBA1D27DA5500E32DC0 /* Debug */,
				290BBBBB1D27DA5500E32DC0 /* Release */,
			);
			defaultConfigurationIsVisible = 0;
			defaultConfigurationName = Release;
		};
		290BBBBC1D27DA5500E32DC0 /* Build configuration list for PBXNativeTarget "FreeBuildCollectionView" */ = {
			isa = XCConfigurationList;
			buildConfigurations = (
				290BBBBD1D27DA5500E32DC0 /* Debug */,
				290BBBBE1D27DA5500E32DC0 /* Release */,
			);
			defaultConfigurationIsVisible = 0;
			defaultConfigurationName = Release;
		};
/* End XCConfigurationList section */
	};
	rootObject = 290BBBA21D27DA5500E32DC0 /* Project object */;
}
